
Microsoft Visual Studio Solution File, Format Version 12.00
# Visual Studio 14
VisualStudioVersion = 14.0.22512.0
MinimumVisualStudioVersion = 10.0.40219.1
Project("{2150E333-8FDC-42A3-9474-1A3956D46DE8}") = "src", "src", "{C02C63D8-A5EE-4B6E-826C-2DD482C160C6}"
EndProject
Project("{8BB2217D-0F2D-49D1-97BC-3654ED321F3B}") = "Asp5TestWeb", "src\Asp5TestWeb\Asp5TestWeb.kproj", "{EF8389C3-5B2C-40FA-95EB-724ED41930F9}"
EndProject
Project("{2150E333-8FDC-42A3-9474-1A3956D46DE8}") = "Solution Items", "Solution Items", "{E0CB24BD-A447-4D24-84AE-585BC343EAE1}"
	ProjectSection(SolutionItems) = preProject
		global.json = global.json
	EndProjectSection
EndProject
Global
	GlobalSection(SolutionConfigurationPlatforms) = preSolution
		Debug|Any CPU = Debug|Any CPU
		Release|Any CPU = Release|Any CPU
	EndGlobalSection
	GlobalSection(ProjectConfigurationPlatforms) = postSolution
		{EF8389C3-5B2C-40FA-95EB-724ED41930F9}.Debug|Any CPU.ActiveCfg = Debug|Any CPU
		{EF8389C3-5B2C-40FA-95EB-724ED41930F9}.Debug|Any CPU.Build.0 = Debug|Any CPU
		{EF8389C3-5B2C-40FA-95EB-724ED41930F9}.Release|Any CPU.ActiveCfg = Release|Any CPU
		{EF8389C3-5B2C-40FA-95EB-724ED41930F9}.Release|Any CPU.Build.0 = Release|Any CPU
	EndGlobalSection
	GlobalSection(SolutionProperties) = preSolution
		HideSolutionNode = FALSE
	EndGlobalSection
	GlobalSection(NestedProjects) = preSolution
		{EF8389C3-5B2C-40FA-95EB-724ED41930F9} = {C02C63D8-A5EE-4B6E-826C-2DD482C160C6}
	EndGlobalSection
EndGlobal
